// !$*UTF8*$!
{
	archiveVersion = 1;
	classes = {
	};
	objectVersion = 46;
	objects = {

/* Begin PBXBuildFile section */
		DB22EA561F599AF000A066A0 /* AppDelegate.swift in Sources */ = {isa = PBXBuildFile; fileRef = DB22EA551F599AF000A066A0 /* AppDelegate.swift */; };
		DB22EA581F599AF000A066A0 /* ViewController.swift in Sources */ = {isa = PBXBuildFile; fileRef = DB22EA571F599AF000A066A0 /* ViewController.swift */; };
		DB22EA5B1F599AF000A066A0 /* Main.storyboard in Resources */ = {isa = PBXBuildFile; fileRef = DB22EA591F599AF000A066A0 /* Main.storyboard */; };
		DB22EA5D1F599AF000A066A0 /* Assets.xcassets in Resources */ = {isa = PBXBuildFile; fileRef = DB22EA5C1F599AF000A066A0 /* Assets.xcassets */; };
		DB22EA601F599AF000A066A0 /* LaunchScreen.storyboard in Resources */ = {isa = PBXBuildFile; fileRef = DB22EA5E1F599AF000A066A0 /* LaunchScreen.storyboard */; };
/* End PBXBuildFile section */

/* Begin PBXFileReference section */
		DB22EA521F599AF000A066A0 /* stripeBasics.app */ = {isa = PBXFileReference; explicitFileType = wrapper.application; includeInIndex = 0; path = stripeBasics.app; sourceTree = BUILT_PRODUCTS_DIR; };
		DB22EA551F599AF000A066A0 /* AppDelegate.swift */ = {isa = PBXFileReference; lastKnownFileType = sourcecode.swift; path = AppDelegate.swift; sourceTree = "<group>"; };
		DB22EA571F599AF000A066A0 /* ViewController.swift */ = {isa = PBXFileReference; lastKnownFileType = sourcecode.swift; path = ViewController.swift; sourceTree = "<group>"; };
		DB22EA5A1F599AF000A066A0 /* Base */ = {isa = PBXFileReference; lastKnownFileType = file.storyboard; name = Base; path = Base.lproj/Main.storyboard; sourceTree = "<group>"; };
		DB22EA5C1F599AF000A066A0 /* Assets.xcassets */ = {isa = PBXFileReference; lastKnownFileType = folder.assetcatalog; path = Assets.xcassets; sourceTree = "<group>"; };
		DB22EA5F1F599AF000A066A0 /* Base */ = {isa = PBXFileReference; lastKnownFileType = file.storyboard; name = Base; path = Base.lproj/LaunchScreen.storyboard; sourceTree = "<group>"; };
		DB22EA611F599AF000A066A0 /* Info.plist */ = {isa = PBXFileReference; lastKnownFileType = text.plist.xml; path = Info.plist; sourceTree = "<group>"; };
/* End PBXFileReference section */

/* Begin PBXFrameworksBuildPhase section */
		DB22EA4F1F599AF000A066A0 /* Frameworks */ = {
			isa = PBXFrameworksBuildPhase;
			buildActionMask = 2147483647;
			files = (
			);
			runOnlyForDeploymentPostprocessing = 0;
		};
/* End PBXFrameworksBuildPhase section */

/* Begin PBXGroup section */
		DB22EA491F599AF000A066A0 = {
			isa = PBXGroup;
			children = (
				DB22EA541F599AF000A066A0 /* stripeBasics */,
				DB22EA531F599AF000A066A0 /* Products */,
			);
			sourceTree = "<group>";
		};
		DB22EA531F599AF000A066A0 /* Products */ = {
			isa = PBXGroup;
			children = (
				DB22EA521F599AF000A066A0 /* stripeBasics.app */,
			);
			name = Products;
			sourceTree = "<group>";
		};
		DB22EA541F599AF000A066A0 /* stripeBasics */ = {
			isa = PBXGroup;
			children = (
				DB22EA551F599AF000A066A0 /* AppDelegate.swift */,
				DB22EA571F599AF000A066A0 /* ViewController.swift */,
				DB22EA591F599AF000A066A0 /* Main.storyboard */,
				DB22EA5C1F599AF000A066A0 /* Assets.xcassets */,
				DB22EA5E1F599AF000A066A0 /* LaunchScreen.storyboard */,
				DB22EA611F599AF000A066A0 /* Info.plist */,
			);
			path = stripeBasics;
			sourceTree = "<group>";
		};
/* End PBXGroup section */

/* Begin PBXNativeTarget section */
		DB22EA511F599AF000A066A0 /* stripeBasics */ = {
			isa = PBXNativeTarget;
			buildConfigurationList = DB22EA641F599AF000A066A0 /* Build configuration list for PBXNativeTarget "stripeBasics" */;
			buildPhases = (
				DB22EA4E1F599AF000A066A0 /* Sources */,
				DB22EA4F1F599AF000A066A0 /* Frameworks */,
				DB22EA501F599AF000A066A0 /* Resources */,
			);
			buildRules = (
			);
			dependencies = (
			);
			name = stripeBasics;
			productName = stripeBasics;
			productReference = DB22EA521F599AF000A066A0 /* stripeBasics.app */;
			productType = "com.apple.product-type.application";
		};
/* End PBXNativeTarget section */

/* Begin PBXProject section */
		DB22EA4A1F599AF000A066A0 /* Project object */ = {
			isa = PBXProject;
			attributes = {
				LastSwiftUpdateCheck = 0830;
				LastUpgradeCheck = 0830;
				ORGANIZATIONNAME = "Mason Macias";
				TargetAttributes = {
					DB22EA511F599AF000A066A0 = {
						CreatedOnToolsVersion = 8.3.3;
						DevelopmentTeam = JA52596255;
						ProvisioningStyle = Automatic;
					};
				};
			};
			buildConfigurationList = DB22EA4D1F599AF000A066A0 /* Build configuration list for PBXProject "stripeBasics" */;
			compatibilityVersion = "Xcode 3.2";
			developmentRegion = English;
			hasScannedForEncodings = 0;
			knownRegions = (
				en,
				Base,
			);
			mainGroup = DB22EA491F599AF000A066A0;
			productRefGroup = DB22EA531F599AF000A066A0 /* Products */;
			projectDirPath = "";
			projectRoot = "";
			targets = (
				DB22EA511F599AF000A066A0 /* stripeBasics */,
			);
		};
/* End PBXProject section */

/* Begin PBXResourcesBuildPhase section */
		DB22EA501F599AF000A066A0 /* Resources */ = {
			isa = PBXResourcesBuildPhase;
			buildActionMask = 2147483647;
			files = (
				DB22EA601F599AF000A066A0 /* LaunchScreen.storyboard in Resources */,
				DB22EA5D1F599AF000A066A0 /* Assets.xcassets in Resources */,
				DB22EA5B1F599AF000A066A0 /* Main.storyboard in Resources */,
			);
			runOnlyForDeploymentPostprocessing = 0;
		};
/* End PBXResourcesBuildPhase section */

/* Begin PBXSourcesBuildPhase section */
		DB22EA4E1F599AF000A066A0 /* Sources */ = {
			isa = PBXSourcesBuildPhase;
			buildActionMask = 2147483647;
			files = (
				DB22EA581F599AF000A066A0 /* ViewController.swift in Sources */,
				DB22EA561F599AF000A066A0 /* AppDelegate.swift in Sources */,
			);
			runOnlyForDeploymentPostprocessing = 0;
		};
/* End PBXSourcesBuildPhase section */

/* Begin PBXVariantGroup section */
		DB22EA591F599AF000A066A0 /* Main.storyboard */ = {
			isa = PBXVariantGroup;
			children = (
				DB22EA5A1F599AF000A066A0 /* Base */,
			);
			name = Main.storyboard;
			sourceTree = "<group>";
		};
		DB22EA5E1F599AF000A066A0 /* LaunchScreen.storyboard */ = {
			isa = PBXVariantGroup;
			children = (
				DB22EA5F1F599AF000A066A0 /* Base */,
			);
			name = LaunchScreen.storyboard;
			sourceTree = "<group>";
		};
/* End PBXVariantGroup section */

/* Begin XCBuildConfiguration section */
		DB22EA621F599AF000A066A0 /* Debug */ = {
			isa = XCBuildConfiguration;
			buildSettings = {
				ALWAYS_SEARCH_USER_PATHS = NO;
				CLANG_ANALYZER_NONNULL = YES;
				CLANG_ANALYZER_NUMBER_OBJECT_CONVERSION = YES_AGGRESSIVE;
				CLANG_CXX_LANGUAGE_STANDARD = "gnu++0x";
				CLANG_CXX_LIBRARY = "libc++";
				CLANG_ENABLE_MODULES = YES;
				CLANG_ENABLE_OBJC_ARC = YES;
				CLANG_WARN_BOOL_CONVERSION = YES;
				CLANG_WARN_CONSTANT_CONVERSION = YES;
				CLANG_WARN_DIRECT_OBJC_ISA_USAGE = YES_ERROR;
				CLANG_WARN_DOCUMENTATION_COMMENTS = YES;
				CLANG_WARN_EMPTY_BODY = YES;
				CLANG_WARN_ENUM_CONVERSION = YES;
				CLANG_WARN_INFINITE_RECURSION = YES;
				CLANG_WARN_INT_CONVERSION = YES;
				CLANG_WARN_OBJC_ROOT_CLASS = YES_ERROR;
				CLANG_WARN_SUSPICIOUS_MOVE = YES;
				CLANG_WARN_UNREACHABLE_CODE = YES;
				CLANG_WARN__DUPLICATE_METHOD_MATCH = YES;
				"CODE_SIGN_IDENTITY[sdk=iphoneos*]" = "iPhone Developer";
				COPY_PHASE_STRIP = NO;
				DEBUG_INFORMATION_FORMAT = dwarf;
				ENABLE_STRICT_OBJC_MSGSEND = YES;
				ENABLE_TESTABILITY = YES;
				GCC_C_LANGUAGE_STANDARD = gnu99;
				GCC_DYNAMIC_NO_PIC = NO;
				GCC_NO_COMMON_BLOCKS = YES;
				GCC_OPTIMIZATION_LEVEL = 0;
				GCC_PREPROCESSOR_DEFINITIONS = (
					"DEBUG=1",
					"$(inherited)",
				);
				GCC_WARN_64_TO_32_BIT_CONVERSION = YES;
				GCC_WARN_ABOUT_RETURN_TYPE = YES_ERROR;
				GCC_WARN_UNDECLARED_SELECTOR = YES;
				GCC_WARN_UNINITIALIZED_AUTOS = YES_AGGRESSIVE;
				GCC_WARN_UNUSED_FUNCTION = YES;
				GCC_WARN_UNUSED_VARIABLE = YES;
				IPHONEOS_DEPLOYMENT_TARGET = 10.3;
				MTL_ENABLE_DEBUG_INFO = YES;
				ONLY_ACTIVE_ARCH = YES;
				SDKROOT = iphoneos;
				SWIFT_ACTIVE_COMPILATION_CONDITIONS = DEBUG;
				SWIFT_OPTIMIZATION_LEVEL = "-Onone";
			};
			name = Debug;
		};
		DB22EA631F599AF000A066A0 /* Release */ = {
			isa = XCBuildConfiguration;
			buildSettings = {
				ALWAYS_SEARCH_USER_PATHS = NO;
				CLANG_ANALYZER_NONNULL = YES;
				CLANG_ANALYZER_NUMBER_OBJECT_CONVERSION = YES_AGGRESSIVE;
				CLANG_CXX_LANGUAGE_STANDARD = "gnu++0x";
				CLANG_CXX_LIBRARY = "libc++";
				CLANG_ENABLE_MODULES = YES;
				CLANG_ENABLE_OBJC_ARC = YES;
				CLANG_WARN_BOOL_CONVERSION = YES;
				CLANG_WARN_CONSTANT_CONVERSION = YES;
				CLANG_WARN_DIRECT_OBJC_ISA_USAGE = YES_ERROR;
				CLANG_WARN_DOCUMENTATION_COMMENTS = YES;
				CLANG_WARN_EMPTY_BODY = YES;
				CLANG_WARN_ENUM_CONVERSION = YES;
				CLANG_WARN_INFINITE_RECURSION = YES;
				CLANG_WARN_INT_CONVERSION = YES;
				CLANG_WARN_OBJC_ROOT_CLASS = YES_ERROR;
				CLANG_WARN_SUSPICIOUS_MOVE = YES;
				CLANG_WARN_UNREACHABLE_CODE = YES;
				CLANG_WARN__DUPLICATE_METHOD_MATCH = YES;
				"CODE_SIGN_IDENTITY[sdk=iphoneos*]" = "iPhone Developer";
				COPY_PHASE_STRIP = NO;
				DEBUG_INFORMATION_FORMAT = "dwarf-with-dsym";
				ENABLE_NS_ASSERTIONS = NO;
				ENABLE_STRICT_OBJC_MSGSEND = YES;
				GCC_C_LANGUAGE_STANDARD = gnu99;
				GCC_NO_COMMON_BLOCKS = YES;
				GCC_WARN_64_TO_32_BIT_CONVERSION = YES;
				GCC_WARN_ABOUT_RETURN_TYPE = YES_ERROR;
				GCC_WARN_UNDECLARED_SELECTOR = YES;
				GCC_WARN_UNINITIALIZED_AUTOS = YES_AGGRESSIVE;
				GCC_WARN_UNUSED_FUNCTION = YES;
				GCC_WARN_UNUSED_VARIABLE = YES;
				IPHONEOS_DEPLOYMENT_TARGET = 10.3;
				MTL_ENABLE_DEBUG_INFO = NO;
				SDKROOT = iphoneos;
				SWIFT_OPTIMIZATION_LEVEL = "-Owholemodule";
				VALIDATE_PRODUCT = YES;
			};
			name = Release;
		};
		DB22EA651F599AF000A066A0 /* Debug */ = {
			isa = XCBuildConfiguration;
			buildSettings = {
				ASSETCATALOG_COMPILER_APPICON_NAME = AppIcon;
				DEVELOPMENT_TEAM = JA52596255;
				INFOPLIST_FILE = stripeBasics/Info.plist;
				LD_RUNPATH_SEARCH_PATHS = "$(inherited) @executable_path/Frameworks";
				PRODUCT_BUNDLE_IDENTIFIER = com.masonmacias.stripeBasics;
				PRODUCT_NAME = "$(TARGET_NAME)";
				SWIFT_VERSION = 3.0;
			};
			name = Debug;
		};
		DB22EA661F599AF000A066A0 /* Release */ = {
			isa = XCBuildConfiguration;
			buildSettings = {
				ASSETCATALOG_COMPILER_APPICON_NAME = AppIcon;
				DEVELOPMENT_TEAM = JA52596255;
				INFOPLIST_FILE = stripeBasics/Info.plist;
				LD_RUNPATH_SEARCH_PATHS = "$(inherited) @executable_path/Frameworks";
				PRODUCT_BUNDLE_IDENTIFIER = com.masonmacias.stripeBasics;
				PRODUCT_NAME = "$(TARGET_NAME)";
				SWIFT_VERSION = 3.0;
			};
			name = Release;
		};
/* End XCBuildConfiguration section */

/* Begin XCConfigurationList section */
		DB22EA4D1F599AF000A066A0 /* Build configuration list for PBXProject "stripeBasics" */ = {
			isa = XCConfigurationList;
			buildConfigurations = (
				DB22EA621F599AF000A066A0 /* Debug */,
				DB22EA631F599AF000A066A0 /* Release */,
			);
			defaultConfigurationIsVisible = 0;
			defaultConfigurationName = Release;
		};
		DB22EA641F599AF000A066A0 /* Build configuration list for PBXNativeTarget "stripeBasics" */ = {
			isa = XCConfigurationList;
			buildConfigurations = (
				DB22EA651F599AF000A066A0 /* Debug */,
				DB22EA661F599AF000A066A0 /* Release */,
			);
			defaultConfigurationIsVisible = 0;
		};
/* End XCConfigurationList section */
	};
	rootObject = DB22EA4A1F599AF000A066A0 /* Project object */;
}
